Microsoft Visual Studio Solution File, Format Version 12.00
# Visual Studio 2012
Project("{FAE04EC0-301F-11D3-BF4B-00C04F79EFBC}") = "client", "client.csproj", "{B651C325-1936-48B0-8A0E-ECD6F021C188}"
EndProject
Global
	GlobalSection(SolutionConfigurationPlatforms) = preSolution
	Debug|Any CPU = Debug|Any CPU
	ExportDebug|Any CPU = ExportDebug|Any CPU
	ExportRelease|Any CPU = ExportRelease|Any CPU
	EndGlobalSection
	GlobalSection(ProjectConfigurationPlatforms) = postSolution
		{B651C325-1936-48B0-8A0E-ECD6F021C188}.Debug|Any CPU.ActiveCfg = Debug|Any CPU
		{B651C325-1936-48B0-8A0E-ECD6F021C188}.Debug|Any CPU.Build.0 = Debug|Any CPU
		{B651C325-1936-48B0-8A0E-ECD6F021C188}.ExportDebug|Any CPU.ActiveCfg = ExportDebug|Any CPU
		{B651C325-1936-48B0-8A0E-ECD6F021C188}.ExportDebug|Any CPU.Build.0 = ExportDebug|Any CPU
		{B651C325-1936-48B0-8A0E-ECD6F021C188}.ExportRelease|Any CPU.ActiveCfg = ExportRelease|Any CPU
		{B651C325-1936-48B0-8A0E-ECD6F021C188}.ExportRelease|Any CPU.Build.0 = ExportRelease|Any CPU
	EndGlobalSection
EndGlobal
